Microsoft Visual Studio Solution File, Format Version 12.00
# Visual Studio Version 17
VisualStudioVersion = 17.5.2.0
MinimumVisualStudioVersion = 10.0.40219.1
Project("{2150E333-8FDC-42A3-9474-1A3956D46DE8}") = "feedback-api", "feedback-api", "{1882BE6F-3842-53B5-381D-784C921995FF}"
EndProject
Project("{FAE04EC0-301F-11D3-BF4B-00C04F79EFBC}") = "glo4008.Feedback", "feedback-api\glo4008.Feedback.csproj", "{23E26CED-272D-22FD-8813-16CB5A8F15E2}"
EndProject
Global
	GlobalSection(SolutionConfigurationPlatforms) = preSolution
		Debug|Any CPU = Debug|Any CPU
		Release|Any CPU = Release|Any CPU
	EndGlobalSection
	GlobalSection(ProjectConfigurationPlatforms) = postSolution
		{23E26CED-272D-22FD-8813-16CB5A8F15E2}.Debug|Any CPU.ActiveCfg = Debug|Any CPU
		{23E26CED-272D-22FD-8813-16CB5A8F15E2}.Debug|Any CPU.Build.0 = Debug|Any CPU
		{23E26CED-272D-22FD-8813-16CB5A8F15E2}.Release|Any CPU.ActiveCfg = Release|Any CPU
		{23E26CED-272D-22FD-8813-16CB5A8F15E2}.Release|Any CPU.Build.0 = Release|Any CPU
	EndGlobalSection
	GlobalSection(SolutionProperties) = preSolution
		HideSolutionNode = FALSE
	EndGlobalSection
	GlobalSection(NestedProjects) = preSolution
		{23E26CED-272D-22FD-8813-16CB5A8F15E2} = {1882BE6F-3842-53B5-381D-784C921995FF}
	EndGlobalSection
	GlobalSection(ExtensibilityGlobals) = postSolution
		SolutionGuid = {05E65BF9-BD91-4ED5-9D7B-529271EDDA75}
	EndGlobalSection
EndGlobal
